
Microsoft Visual Studio Solution File, Format Version 12.00
# Visual Studio Version 17
VisualStudioVersion = 17.0.32126.317
MinimumVisualStudioVersion = 10.0.40219.1
Project("{FAE04EC0-301F-11D3-BF4B-00C04F79EFBC}") = "WikiApplication", "WikiApplication.csproj", "{B61329DD-68E3-4F8A-BFD7-FF3AF0C6EE5E}"
EndProject
Global
	GlobalSection(SolutionConfigurationPlatforms) = preSolution
		Debug|Any CPU = Debug|Any CPU
		Release|Any CPU = Release|Any CPU
	EndGlobalSection
	GlobalSection(ProjectConfigurationPlatforms) = postSolution
		{B61329DD-68E3-4F8A-BFD7-FF3AF0C6EE5E}.Debug|Any CPU.ActiveCfg = Debug|Any CPU
		{B61329DD-68E3-4F8A-BFD7-FF3AF0C6EE5E}.Debug|Any CPU.Build.0 = Debug|Any CPU
		{B61329DD-68E3-4F8A-BFD7-FF3AF0C6EE5E}.Release|Any CPU.ActiveCfg = Release|Any CPU
		{B61329DD-68E3-4F8A-BFD7-FF3AF0C6EE5E}.Release|Any CPU.Build.0 = Release|Any CPU
	EndGlobalSection
	GlobalSection(SolutionProperties) = preSolution
		HideSolutionNode = FALSE
	EndGlobalSection
	GlobalSection(ExtensibilityGlobals) = postSolution
		SolutionGuid = {0FBF7D73-C9CB-45FB-AE34-741A06B134B8}
	EndGlobalSection
EndGlobal
